
Microsoft Visual Studio Solution File, Format Version 12.00
# Visual Studio Version 17
VisualStudioVersion = 17.7.34221.43
MinimumVisualStudioVersion = 10.0.40219.1
Project("{FAE04EC0-301F-11D3-BF4B-00C04F79EFBC}") = "ConsoleAppGE2", "ConsoleAppGE2.csproj", "{962FC744-25E8-4276-85C2-6CA262E9FA99}"
EndProject
Global
	GlobalSection(SolutionConfigurationPlatforms) = preSolution
		Debug|Any CPU = Debug|Any CPU
		Release|Any CPU = Release|Any CPU
	EndGlobalSection
	GlobalSection(ProjectConfigurationPlatforms) = postSolution
		{962FC744-25E8-4276-85C2-6CA262E9FA99}.Debug|Any CPU.ActiveCfg = Debug|Any CPU
		{962FC744-25E8-4276-85C2-6CA262E9FA99}.Debug|Any CPU.Build.0 = Debug|Any CPU
		{962FC744-25E8-4276-85C2-6CA262E9FA99}.Release|Any CPU.ActiveCfg = Release|Any CPU
		{962FC744-25E8-4276-85C2-6CA262E9FA99}.Release|Any CPU.Build.0 = Release|Any CPU
	EndGlobalSection
	GlobalSection(SolutionProperties) = preSolution
		HideSolutionNode = FALSE
	EndGlobalSection
	GlobalSection(ExtensibilityGlobals) = postSolution
		SolutionGuid = {D4226F62-6CB7-4423-A365-B38179CACF4B}
	EndGlobalSection
EndGlobal
